
Microsoft Visual Studio Solution File, Format Version 12.00
# Visual Studio 2012
Project("{FAE04EC0-301F-11D3-BF4B-00C04F79EFBC}") = "UsbSerialForAndroid", "UsbSerialForAndroid\UsbSerialForAndroid.csproj", "{B57854C8-5C63-4D79-96ED-ACD31815CB91}"
EndProject
Project("{FAE04EC0-301F-11D3-BF4B-00C04F79EFBC}") = "UsbSerialExample", "UsbSerialExample\UsbSerialExample.csproj", "{7183EAB2-A010-4C9B-BD16-ACBC78E45FF1}"
EndProject
Global
	GlobalSection(SolutionConfigurationPlatforms) = preSolution
		Debug|Any CPU = Debug|Any CPU
		Release|Any CPU = Release|Any CPU
	EndGlobalSection
	GlobalSection(ProjectConfigurationPlatforms) = postSolution
		{7183EAB2-A010-4C9B-BD16-ACBC78E45FF1}.Debug|Any CPU.ActiveCfg = Debug|Any CPU
		{7183EAB2-A010-4C9B-BD16-ACBC78E45FF1}.Debug|Any CPU.Build.0 = Debug|Any CPU
		{7183EAB2-A010-4C9B-BD16-ACBC78E45FF1}.Release|Any CPU.ActiveCfg = Release|Any CPU
		{7183EAB2-A010-4C9B-BD16-ACBC78E45FF1}.Release|Any CPU.Build.0 = Release|Any CPU
		{B57854C8-5C63-4D79-96ED-ACD31815CB91}.Debug|Any CPU.ActiveCfg = Debug|Any CPU
		{B57854C8-5C63-4D79-96ED-ACD31815CB91}.Debug|Any CPU.Build.0 = Debug|Any CPU
		{B57854C8-5C63-4D79-96ED-ACD31815CB91}.Release|Any CPU.ActiveCfg = Release|Any CPU
		{B57854C8-5C63-4D79-96ED-ACD31815CB91}.Release|Any CPU.Build.0 = Release|Any CPU
	EndGlobalSection
	GlobalSection(MonoDevelopProperties) = preSolution
		StartupItem = UsbSerialExample\UsbSerialExample.csproj
		version = 0.2.3
	EndGlobalSection
EndGlobal
